
Microsoft Visual Studio Solution File, Format Version 12.00
# Visual Studio Version 17
VisualStudioVersion = 17.12.35527.113
MinimumVisualStudioVersion = 10.0.40219.1
Project("{FAE04EC0-301F-11D3-BF4B-00C04F79EFBC}") = "BoardGameServerSimple", "BoardGameServerSimple\BoardGameServerSimple.csproj", "{966A3F91-84BC-4D1D-9132-C663FD76175F}"
EndProject
Project("{FAE04EC0-301F-11D3-BF4B-00C04F79EFBC}") = "BoardGameServer.Tests", "BoardGameServer.Tests\BoardGameServer.Tests.csproj", "{94544B9E-FC37-4D45-99AD-C4CF3CF5BD42}"
EndProject
Project("{FAE04EC0-301F-11D3-BF4B-00C04F79EFBC}") = "Negotiator", "NegotiationService\Negotiator.csproj", "{BAFC3BAC-90AC-4CD3-986B-FC709C5385BB}"
EndProject
Project("{FAE04EC0-301F-11D3-BF4B-00C04F79EFBC}") = "SharedModels", "SharedModels\SharedModels.csproj", "{0964C740-528D-4001-BFAA-4647649E3670}"
EndProject
Project("{FAE04EC0-301F-11D3-BF4B-00C04F79EFBC}") = "NegotiatorService.Tests", "NegotiatorService.Tests\NegotiatorService.Tests.csproj", "{83CEB7F9-578E-4409-808A-5A32FEFC9D46}"
EndProject
Project("{FAE04EC0-301F-11D3-BF4B-00C04F79EFBC}") = "ScoringService", "ScoringService\ScoringService.csproj", "{2AFB8AE4-1F92-4D49-8FE2-DB67ED2FCD0B}"
EndProject
Project("{FAE04EC0-301F-11D3-BF4B-00C04F79EFBC}") = "BoardGameServer.Application", "BoardGameServer.Application\BoardGameServer.Application.csproj", "{99AEF43F-C325-4394-A039-12DBBDD8B30E}"
EndProject
Global
	GlobalSection(SolutionConfigurationPlatforms) = preSolution
		Debug|Any CPU = Debug|Any CPU
		Release|Any CPU = Release|Any CPU
	EndGlobalSection
	GlobalSection(ProjectConfigurationPlatforms) = postSolution
		{966A3F91-84BC-4D1D-9132-C663FD76175F}.Debug|Any CPU.ActiveCfg = Debug|Any CPU
		{966A3F91-84BC-4D1D-9132-C663FD76175F}.Debug|Any CPU.Build.0 = Debug|Any CPU
		{966A3F91-84BC-4D1D-9132-C663FD76175F}.Release|Any CPU.ActiveCfg = Release|Any CPU
		{966A3F91-84BC-4D1D-9132-C663FD76175F}.Release|Any CPU.Build.0 = Release|Any CPU
		{94544B9E-FC37-4D45-99AD-C4CF3CF5BD42}.Debug|Any CPU.ActiveCfg = Debug|Any CPU
		{94544B9E-FC37-4D45-99AD-C4CF3CF5BD42}.Debug|Any CPU.Build.0 = Debug|Any CPU
		{94544B9E-FC37-4D45-99AD-C4CF3CF5BD42}.Release|Any CPU.ActiveCfg = Release|Any CPU
		{94544B9E-FC37-4D45-99AD-C4CF3CF5BD42}.Release|Any CPU.Build.0 = Release|Any CPU
		{BAFC3BAC-90AC-4CD3-986B-FC709C5385BB}.Debug|Any CPU.ActiveCfg = Debug|Any CPU
		{BAFC3BAC-90AC-4CD3-986B-FC709C5385BB}.Debug|Any CPU.Build.0 = Debug|Any CPU
		{BAFC3BAC-90AC-4CD3-986B-FC709C5385BB}.Release|Any CPU.ActiveCfg = Release|Any CPU
		{BAFC3BAC-90AC-4CD3-986B-FC709C5385BB}.Release|Any CPU.Build.0 = Release|Any CPU
		{0964C740-528D-4001-BFAA-4647649E3670}.Debug|Any CPU.ActiveCfg = Debug|Any CPU
		{0964C740-528D-4001-BFAA-4647649E3670}.Debug|Any CPU.Build.0 = Debug|Any CPU
		{0964C740-528D-4001-BFAA-4647649E3670}.Release|Any CPU.ActiveCfg = Release|Any CPU
		{0964C740-528D-4001-BFAA-4647649E3670}.Release|Any CPU.Build.0 = Release|Any CPU
		{83CEB7F9-578E-4409-808A-5A32FEFC9D46}.Debug|Any CPU.ActiveCfg = Debug|Any CPU
		{83CEB7F9-578E-4409-808A-5A32FEFC9D46}.Debug|Any CPU.Build.0 = Debug|Any CPU
		{83CEB7F9-578E-4409-808A-5A32FEFC9D46}.Release|Any CPU.ActiveCfg = Release|Any CPU
		{83CEB7F9-578E-4409-808A-5A32FEFC9D46}.Release|Any CPU.Build.0 = Release|Any CPU
		{2AFB8AE4-1F92-4D49-8FE2-DB67ED2FCD0B}.Debug|Any CPU.ActiveCfg = Debug|Any CPU
		{2AFB8AE4-1F92-4D49-8FE2-DB67ED2FCD0B}.Debug|Any CPU.Build.0 = Debug|Any CPU
		{2AFB8AE4-1F92-4D49-8FE2-DB67ED2FCD0B}.Release|Any CPU.ActiveCfg = Release|Any CPU
		{2AFB8AE4-1F92-4D49-8FE2-DB67ED2FCD0B}.Release|Any CPU.Build.0 = Release|Any CPU
		{99AEF43F-C325-4394-A039-12DBBDD8B30E}.Debug|Any CPU.ActiveCfg = Debug|Any CPU
		{99AEF43F-C325-4394-A039-12DBBDD8B30E}.Debug|Any CPU.Build.0 = Debug|Any CPU
		{99AEF43F-C325-4394-A039-12DBBDD8B30E}.Release|Any CPU.ActiveCfg = Release|Any CPU
		{99AEF43F-C325-4394-A039-12DBBDD8B30E}.Release|Any CPU.Build.0 = Release|Any CPU
	EndGlobalSection
	GlobalSection(SolutionProperties) = preSolution
		HideSolutionNode = FALSE
	EndGlobalSection
EndGlobal
